
Microsoft Visual Studio Solution File, Format Version 12.00
# Visual Studio Version 17
VisualStudioVersion = 17.8.34322.80
MinimumVisualStudioVersion = 10.0.40219.1
Project("{8BC9CEB8-8B4A-11D0-8D11-00A0C91BC942}") = "SQE_A1_code", "SQE_A1_code.vcxproj", "{4738AAAB-9066-4EB5-906C-72F1535A1D17}"
EndProject
Global
	GlobalSection(SolutionConfigurationPlatforms) = preSolution
		Debug|x64 = Debug|x64
		Debug|x86 = Debug|x86
		Release|x64 = Release|x64
		Release|x86 = Release|x86
	EndGlobalSection
	GlobalSection(ProjectConfigurationPlatforms) = postSolution
		{4738AAAB-9066-4EB5-906C-72F1535A1D17}.Debug|x64.ActiveCfg = Debug|x64
		{4738AAAB-9066-4EB5-906C-72F1535A1D17}.Debug|x64.Build.0 = Debug|x64
		{4738AAAB-9066-4EB5-906C-72F1535A1D17}.Debug|x86.ActiveCfg = Debug|Win32
		{4738AAAB-9066-4EB5-906C-72F1535A1D17}.Debug|x86.Build.0 = Debug|Win32
		{4738AAAB-9066-4EB5-906C-72F1535A1D17}.Release|x64.ActiveCfg = Release|x64
		{4738AAAB-9066-4EB5-906C-72F1535A1D17}.Release|x64.Build.0 = Release|x64
		{4738AAAB-9066-4EB5-906C-72F1535A1D17}.Release|x86.ActiveCfg = Release|Win32
		{4738AAAB-9066-4EB5-906C-72F1535A1D17}.Release|x86.Build.0 = Release|Win32
	EndGlobalSection
	GlobalSection(SolutionProperties) = preSolution
		HideSolutionNode = FALSE
	EndGlobalSection
	GlobalSection(ExtensibilityGlobals) = postSolution
		SolutionGuid = {EA3C3DF9-4305-40AA-A9E0-F0DE9B9AE7D9}
	EndGlobalSection
EndGlobal
